
Microsoft Visual Studio Solution File, Format Version 12.00
# Visual Studio 15
VisualStudioVersion = 15.0.28307.106
MinimumVisualStudioVersion = 10.0.40219.1
Project("{FAE04EC0-301F-11D3-BF4B-00C04F79EFBC}") = "PhotosWindows", "PhotosWindows\PhotosWindows.csproj", "{5BEF7769-8F29-4F84-8800-775FD18AE505}"
EndProject
Global
	GlobalSection(SolutionConfigurationPlatforms) = preSolution
		Debug|Any CPU = Debug|Any CPU
		Release|Any CPU = Release|Any CPU
	EndGlobalSection
	GlobalSection(ProjectConfigurationPlatforms) = postSolution
		{5BEF7769-8F29-4F84-8800-775FD18AE505}.Debug|Any CPU.ActiveCfg = Debug|Any CPU
		{5BEF7769-8F29-4F84-8800-775FD18AE505}.Debug|Any CPU.Build.0 = Debug|Any CPU
		{5BEF7769-8F29-4F84-8800-775FD18AE505}.Release|Any CPU.ActiveCfg = Release|Any CPU
		{5BEF7769-8F29-4F84-8800-775FD18AE505}.Release|Any CPU.Build.0 = Release|Any CPU
	EndGlobalSection
	GlobalSection(SolutionProperties) = preSolution
		HideSolutionNode = FALSE
	EndGlobalSection
	GlobalSection(ExtensibilityGlobals) = postSolution
		SolutionGuid = {886B972F-04C7-4F5A-B8AB-F358580F63E3}
	EndGlobalSection
EndGlobal
